
Microsoft Visual Studio Solution File, Format Version 11.00
# Visual Studio 2010
Project("{FAE04EC0-301F-11D3-BF4B-00C04F79EFBC}") = "COMP3064_FINALPROJECT", "Assembly-CSharp.csproj", "{47B7A5DF-A13A-7715-6D7E-CF1312F8E530}"
EndProject
Global
	GlobalSection(SolutionConfigurationPlatforms) = preSolution
		Debug|Any CPU = Debug|Any CPU
		Release|Any CPU = Release|Any CPU
	EndGlobalSection
	GlobalSection(ProjectConfigurationPlatforms) = postSolution
		{47B7A5DF-A13A-7715-6D7E-CF1312F8E530}.Debug|Any CPU.ActiveCfg = Debug|Any CPU
		{47B7A5DF-A13A-7715-6D7E-CF1312F8E530}.Debug|Any CPU.Build.0 = Debug|Any CPU
		{47B7A5DF-A13A-7715-6D7E-CF1312F8E530}.Release|Any CPU.ActiveCfg = Release|Any CPU
		{47B7A5DF-A13A-7715-6D7E-CF1312F8E530}.Release|Any CPU.Build.0 = Release|Any CPU
	EndGlobalSection
	GlobalSection(SolutionProperties) = preSolution
		HideSolutionNode = FALSE
	EndGlobalSection
	GlobalSection(MonoDevelopProperties) = preSolution
		StartupItem = Assembly-CSharp.csproj
	EndGlobalSection
EndGlobal
